
Microsoft Visual Studio Solution File, Format Version 12.00
# Visual Studio Version 16
VisualStudioVersion = 16.0.29709.97
MinimumVisualStudioVersion = 10.0.40219.1
Project("{FAE04EC0-301F-11D3-BF4B-00C04F79EFBC}") = "StackoverflowGuide", "StackoverflowGuide\StackoverflowGuide.csproj", "{2DF35AAB-CF1A-4976-87AC-7C90D1B15102}"
EndProject
Global
	GlobalSection(SolutionConfigurationPlatforms) = preSolution
		Debug|Any CPU = Debug|Any CPU
		Release|Any CPU = Release|Any CPU
	EndGlobalSection
	GlobalSection(ProjectConfigurationPlatforms) = postSolution
		{2DF35AAB-CF1A-4976-87AC-7C90D1B15102}.Debug|Any CPU.ActiveCfg = Debug|Any CPU
		{2DF35AAB-CF1A-4976-87AC-7C90D1B15102}.Debug|Any CPU.Build.0 = Debug|Any CPU
		{2DF35AAB-CF1A-4976-87AC-7C90D1B15102}.Release|Any CPU.ActiveCfg = Release|Any CPU
		{2DF35AAB-CF1A-4976-87AC-7C90D1B15102}.Release|Any CPU.Build.0 = Release|Any CPU
	EndGlobalSection
	GlobalSection(SolutionProperties) = preSolution
		HideSolutionNode = FALSE
	EndGlobalSection
	GlobalSection(ExtensibilityGlobals) = postSolution
		SolutionGuid = {50B76193-DCA8-4183-A81B-6BF6526D9457}
	EndGlobalSection
EndGlobal
